// !$*UTF8*$!
{
	archiveVersion = 1;
	classes = {
	};
	objectVersion = 50;
	objects = {

/* Begin PBXBuildFile section */
		1CBD8C212607B12200EF04FD /* AvacyCmpSdk.framework in Frameworks */ = {isa = PBXBuildFile; fileRef = 1CBD8C172607B12100EF04FD /* AvacyCmpSdk.framework */; };
		1CBD8C262607B12200EF04FD /* AvacyCmpSdkTests.swift in Sources */ = {isa = PBXBuildFile; fileRef = 1CBD8C252607B12200EF04FD /* AvacyCmpSdkTests.swift */; };
		1CBD8C282607B12200EF04FD /* AvacyCmpSdk.h in Headers */ = {isa = PBXBuildFile; fileRef = 1CBD8C1A2607B12100EF04FD /* AvacyCmpSdk.h */; settings = {ATTRIBUTES = (Public, ); }; };
		1CBD8C342607B15F00EF04FD /* AvacyCMP.swift in Sources */ = {isa = PBXBuildFile; fileRef = 1CBD8C332607B15F00EF04FD /* AvacyCMP.swift */; };
		1CBD8C352607B15F00EF04FD /* AvacyCMP.swift in Sources */ = {isa = PBXBuildFile; fileRef = 1CBD8C332607B15F00EF04FD /* AvacyCMP.swift */; };
		1CBD8C392607B17B00EF04FD /* OnCMPReady.swift in Sources */ = {isa = PBXBuildFile; fileRef = 1CBD8C382607B17B00EF04FD /* OnCMPReady.swift */; };
		1CBD8C3A2607B17B00EF04FD /* OnCMPReady.swift in Sources */ = {isa = PBXBuildFile; fileRef = 1CBD8C382607B17B00EF04FD /* OnCMPReady.swift */; };
		1CBD8C3E2607B19000EF04FD /* PrivacyViewController.swift in Sources */ = {isa = PBXBuildFile; fileRef = 1CBD8C3D2607B19000EF04FD /* PrivacyViewController.swift */; };
		1CBD8C3F2607B19000EF04FD /* PrivacyViewController.swift in Sources */ = {isa = PBXBuildFile; fileRef = 1CBD8C3D2607B19000EF04FD /* PrivacyViewController.swift */; };
/* End PBXBuildFile section */

/* Begin PBXContainerItemProxy section */
		1CBD8C222607B12200EF04FD /* PBXContainerItemProxy */ = {
			isa = PBXContainerItemProxy;
			containerPortal = 1CBD8C0E2607B12100EF04FD /* Project object */;
			proxyType = 1;
			remoteGlobalIDString = 1CBD8C162607B12100EF04FD;
			remoteInfo = AvacyCmpSdk;
		};
/* End PBXContainerItemProxy section */

/* Begin PBXFileReference section */
		1CBD8C172607B12100EF04FD /* AvacyCmpSdk.framework */ = {isa = PBXFileReference; explicitFileType = wrapper.framework; includeInIndex = 0; path = AvacyCmpSdk.framework; sourceTree = BUILT_PRODUCTS_DIR; };
		1CBD8C1A2607B12100EF04FD /* AvacyCmpSdk.h */ = {isa = PBXFileReference; lastKnownFileType = sourcecode.c.h; path = AvacyCmpSdk.h; sourceTree = "<group>"; };
		1CBD8C1B2607B12100EF04FD /* Info.plist */ = {isa = PBXFileReference; lastKnownFileType = text.plist.xml; path = Info.plist; sourceTree = "<group>"; };
		1CBD8C202607B12200EF04FD /* AvacyCmpSdkTests.xctest */ = {isa = PBXFileReference; explicitFileType = wrapper.cfbundle; includeInIndex = 0; path = AvacyCmpSdkTests.xctest; sourceTree = BUILT_PRODUCTS_DIR; };
		1CBD8C252607B12200EF04FD /* AvacyCmpSdkTests.swift */ = {isa = PBXFileReference; lastKnownFileType = sourcecode.swift; path = AvacyCmpSdkTests.swift; sourceTree = "<group>"; };
		1CBD8C272607B12200EF04FD /* Info.plist */ = {isa = PBXFileReference; lastKnownFileType = text.plist.xml; path = Info.plist; sourceTree = "<group>"; };
		1CBD8C332607B15F00EF04FD /* AvacyCMP.swift */ = {isa = PBXFileReference; lastKnownFileType = sourcecode.swift; path = AvacyCMP.swift; sourceTree = "<group>"; };
		1CBD8C382607B17B00EF04FD /* OnCMPReady.swift */ = {isa = PBXFileReference; lastKnownFileType = sourcecode.swift; path = OnCMPReady.swift; sourceTree = "<group>"; };
		1CBD8C3D2607B19000EF04FD /* PrivacyViewController.swift */ = {isa = PBXFileReference; lastKnownFileType = sourcecode.swift; path = PrivacyViewController.swift; sourceTree = "<group>"; };
/* End PBXFileReference section */

/* Begin PBXFrameworksBuildPhase section */
		1CBD8C142607B12100EF04FD /* Frameworks */ = {
			isa = PBXFrameworksBuildPhase;
			buildActionMask = 2147483647;
			files = (
			);
			runOnlyForDeploymentPostprocessing = 0;
		};
		1CBD8C1D2607B12200EF04FD /* Frameworks */ = {
			isa = PBXFrameworksBuildPhase;
			buildActionMask = 2147483647;
			files = (
				1CBD8C212607B12200EF04FD /* AvacyCmpSdk.framework in Frameworks */,
			);
			runOnlyForDeploymentPostprocessing = 0;
		};
/* End PBXFrameworksBuildPhase section */

/* Begin PBXGroup section */
		1CBD8C0D2607B12100EF04FD = {
			isa = PBXGroup;
			children = (
				1CBD8C192607B12100EF04FD /* AvacyCmpSdk */,
				1CBD8C242607B12200EF04FD /* AvacyCmpSdkTests */,
				1CBD8C182607B12100EF04FD /* Products */,
			);
			sourceTree = "<group>";
		};
		1CBD8C182607B12100EF04FD /* Products */ = {
			isa = PBXGroup;
			children = (
				1CBD8C172607B12100EF04FD /* AvacyCmpSdk.framework */,
				1CBD8C202607B12200EF04FD /* AvacyCmpSdkTests.xctest */,
			);
			name = Products;
			sourceTree = "<group>";
		};
		1CBD8C192607B12100EF04FD /* AvacyCmpSdk */ = {
			isa = PBXGroup;
			children = (
				1CBD8C1A2607B12100EF04FD /* AvacyCmpSdk.h */,
				1CBD8C1B2607B12100EF04FD /* Info.plist */,
				1CBD8C332607B15F00EF04FD /* AvacyCMP.swift */,
				1CBD8C382607B17B00EF04FD /* OnCMPReady.swift */,
				1CBD8C3D2607B19000EF04FD /* PrivacyViewController.swift */,
			);
			path = AvacyCmpSdk;
			sourceTree = "<group>";
		};
		1CBD8C242607B12200EF04FD /* AvacyCmpSdkTests */ = {
			isa = PBXGroup;
			children = (
				1CBD8C252607B12200EF04FD /* AvacyCmpSdkTests.swift */,
				1CBD8C272607B12200EF04FD /* Info.plist */,
			);
			path = AvacyCmpSdkTests;
			sourceTree = "<group>";
		};
/* End PBXGroup section */

/* Begin PBXHeadersBuildPhase section */
		1CBD8C122607B12100EF04FD /* Headers */ = {
			isa = PBXHeadersBuildPhase;
			buildActionMask = 2147483647;
			files = (
				1CBD8C282607B12200EF04FD /* AvacyCmpSdk.h in Headers */,
			);
			runOnlyForDeploymentPostprocessing = 0;
		};
/* End PBXHeadersBuildPhase section */

/* Begin PBXNativeTarget section */
		1CBD8C162607B12100EF04FD /* AvacyCmpSdk */ = {
			isa = PBXNativeTarget;
			buildConfigurationList = 1CBD8C2B2607B12200EF04FD /* Build configuration list for PBXNativeTarget "AvacyCmpSdk" */;
			buildPhases = (
				1CBD8C122607B12100EF04FD /* Headers */,
				1CBD8C132607B12100EF04FD /* Sources */,
				1CBD8C142607B12100EF04FD /* Frameworks */,
				1CBD8C152607B12100EF04FD /* Resources */,
			);
			buildRules = (
			);
			dependencies = (
			);
			name = AvacyCmpSdk;
			productName = AvacyCmpSdk;
			productReference = 1CBD8C172607B12100EF04FD /* AvacyCmpSdk.framework */;
			productType = "com.apple.product-type.framework";
		};
		1CBD8C1F2607B12200EF04FD /* AvacyCmpSdkTests */ = {
			isa = PBXNativeTarget;
			buildConfigurationList = 1CBD8C2E2607B12200EF04FD /* Build configuration list for PBXNativeTarget "AvacyCmpSdkTests" */;
			buildPhases = (
				1CBD8C1C2607B12200EF04FD /* Sources */,
				1CBD8C1D2607B12200EF04FD /* Frameworks */,
				1CBD8C1E2607B12200EF04FD /* Resources */,
			);
			buildRules = (
			);
			dependencies = (
				1CBD8C232607B12200EF04FD /* PBXTargetDependency */,
			);
			name = AvacyCmpSdkTests;
			productName = AvacyCmpSdkTests;
			productReference = 1CBD8C202607B12200EF04FD /* AvacyCmpSdkTests.xctest */;
			productType = "com.apple.product-type.bundle.unit-test";
		};
/* End PBXNativeTarget section */

/* Begin PBXProject section */
		1CBD8C0E2607B12100EF04FD /* Project object */ = {
			isa = PBXProject;
			attributes = {
				LastSwiftUpdateCheck = 1210;
				LastUpgradeCheck = 1210;
				TargetAttributes = {
					1CBD8C162607B12100EF04FD = {
						CreatedOnToolsVersion = 12.1;
						LastSwiftMigration = 1210;
					};
					1CBD8C1F2607B12200EF04FD = {
						CreatedOnToolsVersion = 12.1;
					};
				};
			};
			buildConfigurationList = 1CBD8C112607B12100EF04FD /* Build configuration list for PBXProject "AvacyCmpSdk" */;
			compatibilityVersion = "Xcode 9.3";
			developmentRegion = en;
			hasScannedForEncodings = 0;
			knownRegions = (
				en,
				Base,
			);
			mainGroup = 1CBD8C0D2607B12100EF04FD;
			productRefGroup = 1CBD8C182607B12100EF04FD /* Products */;
			projectDirPath = "";
			projectRoot = "";
			targets = (
				1CBD8C162607B12100EF04FD /* AvacyCmpSdk */,
				1CBD8C1F2607B12200EF04FD /* AvacyCmpSdkTests */,
			);
		};
/* End PBXProject section */

/* Begin PBXResourcesBuildPhase section */
		1CBD8C152607B12100EF04FD /* Resources */ = {
			isa = PBXResourcesBuildPhase;
			buildActionMask = 2147483647;
			files = (
			);
			runOnlyForDeploymentPostprocessing = 0;
		};
		1CBD8C1E2607B12200EF04FD /* Resources */ = {
			isa = PBXResourcesBuildPhase;
			buildActionMask = 2147483647;
			files = (
			);
			runOnlyForDeploymentPostprocessing = 0;
		};
/* End PBXResourcesBuildPhase section */

/* Begin PBXSourcesBuildPhase section */
		1CBD8C132607B12100EF04FD /* Sources */ = {
			isa = PBXSourcesBuildPhase;
			buildActionMask = 2147483647;
			files = (
				1CBD8C342607B15F00EF04FD /* AvacyCMP.swift in Sources */,
				1CBD8C392607B17B00EF04FD /* OnCMPReady.swift in Sources */,
				1CBD8C3E2607B19000EF04FD /* PrivacyViewController.swift in Sources */,
			);
			runOnlyForDeploymentPostprocessing = 0;
		};
		1CBD8C1C2607B12200EF04FD /* Sources */ = {
			isa = PBXSourcesBuildPhase;
			buildActionMask = 2147483647;
			files = (
				1CBD8C262607B12200EF04FD /* AvacyCmpSdkTests.swift in Sources */,
				1CBD8C3A2607B17B00EF04FD /* OnCMPReady.swift in Sources */,
				1CBD8C352607B15F00EF04FD /* AvacyCMP.swift in Sources */,
				1CBD8C3F2607B19000EF04FD /* PrivacyViewController.swift in Sources */,
			);
			runOnlyForDeploymentPostprocessing = 0;
		};
/* End PBXSourcesBuildPhase section */

/* Begin PBXTargetDependency section */
		1CBD8C232607B12200EF04FD /* PBXTargetDependency */ = {
			isa = PBXTargetDependency;
			target = 1CBD8C162607B12100EF04FD /* AvacyCmpSdk */;
			targetProxy = 1CBD8C222607B12200EF04FD /* PBXContainerItemProxy */;
		};
/* End PBXTargetDependency section */

/* Begin XCBuildConfiguration section */
		1CBD8C292607B12200EF04FD /* Debug */ = {
			isa = XCBuildConfiguration;
			buildSettings = {
				ALWAYS_SEARCH_USER_PATHS = NO;
				CLANG_ANALYZER_NONNULL = YES;
				CLANG_ANALYZER_NUMBER_OBJECT_CONVERSION = YES_AGGRESSIVE;
				CLANG_CXX_LANGUAGE_STANDARD = "gnu++14";
				CLANG_CXX_LIBRARY = "libc++";
				CLANG_ENABLE_MODULES = YES;
				CLANG_ENABLE_OBJC_ARC = YES;
				CLANG_ENABLE_OBJC_WEAK = YES;
				CLANG_WARN_BLOCK_CAPTURE_AUTORELEASING = YES;
				CLANG_WARN_BOOL_CONVERSION = YES;
				CLANG_WARN_COMMA = YES;
				CLANG_WARN_CONSTANT_CONVERSION = YES;
				CLANG_WARN_DEPRECATED_OBJC_IMPLEMENTATIONS = YES;
				CLANG_WARN_DIRECT_OBJC_ISA_USAGE = YES_ERROR;
				CLANG_WARN_DOCUMENTATION_COMMENTS = YES;
				CLANG_WARN_EMPTY_BODY = YES;
				CLANG_WARN_ENUM_CONVERSION = YES;
				CLANG_WARN_INFINITE_RECURSION = YES;
				CLANG_WARN_INT_CONVERSION = YES;
				CLANG_WARN_NON_LITERAL_NULL_CONVERSION = YES;
				CLANG_WARN_OBJC_IMPLICIT_RETAIN_SELF = YES;
				CLANG_WARN_OBJC_LITERAL_CONVERSION = YES;
				CLANG_WARN_OBJC_ROOT_CLASS = YES_ERROR;
				CLANG_WARN_QUOTED_INCLUDE_IN_FRAMEWORK_HEADER = YES;
				CLANG_WARN_RANGE_LOOP_ANALYSIS = YES;
				CLANG_WARN_STRICT_PROTOTYPES = YES;
				CLANG_WARN_SUSPICIOUS_MOVE = YES;
				CLANG_WARN_UNGUARDED_AVAILABILITY = YES_AGGRESSIVE;
				CLANG_WARN_UNREACHABLE_CODE = YES;
				CLANG_WARN__DUPLICATE_METHOD_MATCH = YES;
				COPY_PHASE_STRIP = NO;
				CURRENT_PROJECT_VERSION = 1;
				DEBUG_INFORMATION_FORMAT = dwarf;
				ENABLE_STRICT_OBJC_MSGSEND = YES;
				ENABLE_TESTABILITY = YES;
				GCC_C_LANGUAGE_STANDARD = gnu11;
				GCC_DYNAMIC_NO_PIC = NO;
				GCC_NO_COMMON_BLOCKS = YES;
				GCC_OPTIMIZATION_LEVEL = 0;
				GCC_PREPROCESSOR_DEFINITIONS = (
					"DEBUG=1",
					"$(inherited)",
				);
				GCC_WARN_64_TO_32_BIT_CONVERSION = YES;
				GCC_WARN_ABOUT_RETURN_TYPE = YES_ERROR;
				GCC_WARN_UNDECLARED_SELECTOR = YES;
				GCC_WARN_UNINITIALIZED_AUTOS = YES_AGGRESSIVE;
				GCC_WARN_UNUSED_FUNCTION = YES;
				GCC_WARN_UNUSED_VARIABLE = YES;
				IPHONEOS_DEPLOYMENT_TARGET = 14.1;
				MTL_ENABLE_DEBUG_INFO = INCLUDE_SOURCE;
				MTL_FAST_MATH = YES;
				ONLY_ACTIVE_ARCH = YES;
				SDKROOT = iphoneos;
				SWIFT_ACTIVE_COMPILATION_CONDITIONS = DEBUG;
				SWIFT_OPTIMIZATION_LEVEL = "-Onone";
				VERSIONING_SYSTEM = "apple-generic";
				VERSION_INFO_PREFIX = "";
			};
			name = Debug;
		};
		1CBD8C2A2607B12200EF04FD /* Release */ = {
			isa = XCBuildConfiguration;
			buildSettings = {
				ALWAYS_SEARCH_USER_PATHS = NO;
				CLANG_ANALYZER_NONNULL = YES;
				CLANG_ANALYZER_NUMBER_OBJECT_CONVERSION = YES_AGGRESSIVE;
				CLANG_CXX_LANGUAGE_STANDARD = "gnu++14";
				CLANG_CXX_LIBRARY = "libc++";
				CLANG_ENABLE_MODULES = YES;
				CLANG_ENABLE_OBJC_ARC = YES;
				CLANG_ENABLE_OBJC_WEAK = YES;
				CLANG_WARN_BLOCK_CAPTURE_AUTORELEASING = YES;
				CLANG_WARN_BOOL_CONVERSION = YES;
				CLANG_WARN_COMMA = YES;
				CLANG_WARN_CONSTANT_CONVERSION = YES;
				CLANG_WARN_DEPRECATED_OBJC_IMPLEMENTATIONS = YES;
				CLANG_WARN_DIRECT_OBJC_ISA_USAGE = YES_ERROR;
				CLANG_WARN_DOCUMENTATION_COMMENTS = YES;
				CLANG_WARN_EMPTY_BODY = YES;
				CLANG_WARN_ENUM_CONVERSION = YES;
				CLANG_WARN_INFINITE_RECURSION = YES;
				CLANG_WARN_INT_CONVERSION = YES;
				CLANG_WARN_NON_LITERAL_NULL_CONVERSION = YES;
				CLANG_WARN_OBJC_IMPLICIT_RETAIN_SELF = YES;
				CLANG_WARN_OBJC_LITERAL_CONVERSION = YES;
				CLANG_WARN_OBJC_ROOT_CLASS = YES_ERROR;
				CLANG_WARN_QUOTED_INCLUDE_IN_FRAMEWORK_HEADER = YES;
				CLANG_WARN_RANGE_LOOP_ANALYSIS = YES;
				CLANG_WARN_STRICT_PROTOTYPES = YES;
				CLANG_WARN_SUSPICIOUS_MOVE = YES;
				CLANG_WARN_UNGUARDED_AVAILABILITY = YES_AGGRESSIVE;
				CLANG_WARN_UNREACHABLE_CODE = YES;
				CLANG_WARN__DUPLICATE_METHOD_MATCH = YES;
				COPY_PHASE_STRIP = NO;
				CURRENT_PROJECT_VERSION = 1;
				DEBUG_INFORMATION_FORMAT = "dwarf-with-dsym";
				ENABLE_NS_ASSERTIONS = NO;
				ENABLE_STRICT_OBJC_MSGSEND = YES;
				GCC_C_LANGUAGE_STANDARD = gnu11;
				GCC_NO_COMMON_BLOCKS = YES;
				GCC_WARN_64_TO_32_BIT_CONVERSION = YES;
				GCC_WARN_ABOUT_RETURN_TYPE = YES_ERROR;
				GCC_WARN_UNDECLARED_SELECTOR = YES;
				GCC_WARN_UNINITIALIZED_AUTOS = YES_AGGRESSIVE;
				GCC_WARN_UNUSED_FUNCTION = YES;
				GCC_WARN_UNUSED_VARIABLE = YES;
				IPHONEOS_DEPLOYMENT_TARGET = 14.1;
				MTL_ENABLE_DEBUG_INFO = NO;
				MTL_FAST_MATH = YES;
				SDKROOT = iphoneos;
				SWIFT_COMPILATION_MODE = wholemodule;
				SWIFT_OPTIMIZATION_LEVEL = "-O";
				VALIDATE_PRODUCT = YES;
				VERSIONING_SYSTEM = "apple-generic";
				VERSION_INFO_PREFIX = "";
			};
			name = Release;
		};
		1CBD8C2C2607B12200EF04FD /* Debug */ = {
			isa = XCBuildConfiguration;
			buildSettings = {
				CLANG_ENABLE_MODULES = YES;
				CODE_SIGN_STYLE = Automatic;
				DEFINES_MODULE = YES;
				DYLIB_COMPATIBILITY_VERSION = 1;
				DYLIB_CURRENT_VERSION = 1;
				DYLIB_INSTALL_NAME_BASE = "@rpath";
				INFOPLIST_FILE = AvacyCmpSdk/Info.plist;
				INSTALL_PATH = "$(LOCAL_LIBRARY_DIR)/Frameworks";
				LD_RUNPATH_SEARCH_PATHS = (
					"$(inherited)",
					"@executable_path/Frameworks",
					"@loader_path/Frameworks",
				);
				PRODUCT_BUNDLE_IDENTIFIER = com.posytron.AvacyCmpSdk;
				PRODUCT_NAME = "$(TARGET_NAME:c99extidentifier)";
				SKIP_INSTALL = YES;
				SWIFT_OPTIMIZATION_LEVEL = "-Onone";
				SWIFT_VERSION = 5.0;
				TARGETED_DEVICE_FAMILY = "1,2";
			};
			name = Debug;
		};
		1CBD8C2D2607B12200EF04FD /* Release */ = {
			isa = XCBuildConfiguration;
			buildSettings = {
				CLANG_ENABLE_MODULES = YES;
				CODE_SIGN_STYLE = Automatic;
				DEFINES_MODULE = YES;
				DYLIB_COMPATIBILITY_VERSION = 1;
				DYLIB_CURRENT_VERSION = 1;
				DYLIB_INSTALL_NAME_BASE = "@rpath";
				INFOPLIST_FILE = AvacyCmpSdk/Info.plist;
				INSTALL_PATH = "$(LOCAL_LIBRARY_DIR)/Frameworks";
				LD_RUNPATH_SEARCH_PATHS = (
					"$(inherited)",
					"@executable_path/Frameworks",
					"@loader_path/Frameworks",
				);
				PRODUCT_BUNDLE_IDENTIFIER = com.posytron.AvacyCmpSdk;
				PRODUCT_NAME = "$(TARGET_NAME:c99extidentifier)";
				SKIP_INSTALL = YES;
				SWIFT_VERSION = 5.0;
				TARGETED_DEVICE_FAMILY = "1,2";
			};
			name = Release;
		};
		1CBD8C2F2607B12200EF04FD /* Debug */ = {
			isa = XCBuildConfiguration;
			buildSettings = {
				ALWAYS_EMBED_SWIFT_STANDARD_LIBRARIES = YES;
				CODE_SIGN_STYLE = Automatic;
				INFOPLIST_FILE = AvacyCmpSdkTests/Info.plist;
				LD_RUNPATH_SEARCH_PATHS = (
					"$(inherited)",
					"@executable_path/Frameworks",
					"@loader_path/Frameworks",
				);
				PRODUCT_BUNDLE_IDENTIFIER = com.posytron.AvacyCmpSdkTests;
				PRODUCT_NAME = "$(TARGET_NAME)";
				SWIFT_VERSION = 5.0;
				TARGETED_DEVICE_FAMILY = "1,2";
			};
			name = Debug;
		};
		1CBD8C302607B12200EF04FD /* Release */ = {
			isa = XCBuildConfiguration;
			buildSettings = {
				ALWAYS_EMBED_SWIFT_STANDARD_LIBRARIES = YES;
				CODE_SIGN_STYLE = Automatic;
				INFOPLIST_FILE = AvacyCmpSdkTests/Info.plist;
				LD_RUNPATH_SEARCH_PATHS = (
					"$(inherited)",
					"@executable_path/Frameworks",
					"@loader_path/Frameworks",
				);
				PRODUCT_BUNDLE_IDENTIFIER = com.posytron.AvacyCmpSdkTests;
				PRODUCT_NAME = "$(TARGET_NAME)";
				SWIFT_VERSION = 5.0;
				TARGETED_DEVICE_FAMILY = "1,2";
			};
			name = Release;
		};
/* End XCBuildConfiguration section */

/* Begin XCConfigurationList section */
		1CBD8C112607B12100EF04FD /* Build configuration list for PBXProject "AvacyCmpSdk" */ = {
			isa = XCConfigurationList;
			buildConfigurations = (
				1CBD8C292607B12200EF04FD /* Debug */,
				1CBD8C2A2607B12200EF04FD /* Release */,
			);
			defaultConfigurationIsVisible = 0;
			defaultConfigurationName = Release;
		};
		1CBD8C2B2607B12200EF04FD /* Build configuration list for PBXNativeTarget "AvacyCmpSdk" */ = {
			isa = XCConfigurationList;
			buildConfigurations = (
				1CBD8C2C2607B12200EF04FD /* Debug */,
				1CBD8C2D2607B12200EF04FD /* Release */,
			);
			defaultConfigurationIsVisible = 0;
			defaultConfigurationName = Release;
		};
		1CBD8C2E2607B12200EF04FD /* Build configuration list for PBXNativeTarget "AvacyCmpSdkTests" */ = {
			isa = XCConfigurationList;
			buildConfigurations = (
				1CBD8C2F2607B12200EF04FD /* Debug */,
				1CBD8C302607B12200EF04FD /* Release */,
			);
			defaultConfigurationIsVisible = 0;
			defaultConfigurationName = Release;
		};
/* End XCConfigurationList section */
	};
	rootObject = 1CBD8C0E2607B12100EF04FD /* Project object */;
}
